{
  "name": "refrakt-md",
  "lockfileVersion": 3,
  "requires": true,
  "packages": {
    "": {
      "name": "refrakt-md",
      "license": "MIT",
      "workspaces": [
        "packages/*",
        "themes/*",
        "site"
      ],
      "devDependencies": {
        "@types/node": "^25.2.3",
        "typescript": "^5.4.0",
        "vitest": "^4.0.18"
      }
    },
    "node_modules/@esbuild/darwin-arm64": {
      "version": "0.27.3",
      "cpu": [
        "arm64"
      ],
      "license": "MIT",
      "optional": true,
      "os": [
        "darwin"
      ],
      "engines": {
        "node": ">=18"
      }
    },
    "node_modules/@jridgewell/gen-mapping": {
      "version": "0.3.13",
      "license": "MIT",
      "dependencies": {
        "@jridgewell/sourcemap-codec": "^1.5.0",
        "@jridgewell/trace-mapping": "^0.3.24"
      }
    },
    "node_modules/@jridgewell/remapping": {
      "version": "2.3.5",
      "license": "MIT",
      "dependencies": {
        "@jridgewell/gen-mapping": "^0.3.5",
        "@jridgewell/trace-mapping": "^0.3.24"
      }
    },
    "node_modules/@jridgewell/resolve-uri": {
      "version": "3.1.2",
      "license": "MIT",
      "engines": {
        "node": ">=6.0.0"
      }
    },
    "node_modules/@jridgewell/sourcemap-codec": {
      "version": "1.5.5",
      "license": "MIT"
    },
    "node_modules/@jridgewell/trace-mapping": {
      "version": "0.3.31",
      "license": "MIT",
      "dependencies": {
        "@jridgewell/resolve-uri": "^3.1.0",
        "@jridgewell/sourcemap-codec": "^1.4.14"
      }
    },
    "node_modules/@markdoc/markdoc": {
      "version": "0.4.0",
      "license": "MIT",
      "engines": {
        "node": ">=14.7.0"
      },
      "optionalDependencies": {
        "@types/markdown-it": "12.2.3"
      },
      "peerDependencies": {
        "@types/react": "*",
        "react": "*"
      },
      "peerDependenciesMeta": {
        "@types/react": {
          "optional": true
        },
        "react": {
          "optional": true
        }
      }
    },
    "node_modules/@polka/url": {
      "version": "1.0.0-next.29",
      "dev": true,
      "license": "MIT"
    },
    "node_modules/@refrakt-md/ai": {
      "resolved": "packages/ai",
      "link": true
    },
    "node_modules/@refrakt-md/cli": {
      "resolved": "packages/cli",
      "link": true
    },
    "node_modules/@refrakt-md/content": {
      "resolved": "packages/content",
      "link": true
    },
    "node_modules/@refrakt-md/runes": {
      "resolved": "packages/runes",
      "link": true
    },
    "node_modules/@refrakt-md/svelte": {
      "resolved": "packages/svelte",
      "link": true
    },
    "node_modules/@refrakt-md/sveltekit": {
      "resolved": "packages/sveltekit",
      "link": true
    },
    "node_modules/@refrakt-md/theme-lumina": {
      "resolved": "themes/lumina",
      "link": true
    },
    "node_modules/@refrakt-md/types": {
      "resolved": "packages/types",
      "link": true
    },
    "node_modules/@rollup/rollup-darwin-arm64": {
      "version": "4.57.1",
      "cpu": [
        "arm64"
      ],
      "license": "MIT",
      "optional": true,
      "os": [
        "darwin"
      ]
    },
    "node_modules/@standard-schema/spec": {
      "version": "1.1.0",
      "dev": true,
      "license": "MIT"
    },
    "node_modules/@sveltejs/acorn-typescript": {
      "version": "1.0.8",
      "license": "MIT",
      "peerDependencies": {
        "acorn": "^8.9.0"
      }
    },
    "node_modules/@types/chai": {
      "version": "5.2.3",
      "dev": true,
      "license": "MIT",
      "dependencies": {
        "@types/deep-eql": "*",
        "assertion-error": "^2.0.1"
      }
    },
    "node_modules/@types/cookie": {
      "version": "0.6.0",
      "dev": true,
      "license": "MIT"
    },
    "node_modules/@types/deep-eql": {
      "version": "4.0.2",
      "dev": true,
      "license": "MIT"
    },
    "node_modules/@types/estree": {
      "version": "1.0.8",
      "license": "MIT"
    },
    "node_modules/@types/linkify-it": {
      "version": "5.0.0",
      "license": "MIT",
      "optional": true
    },
    "node_modules/@types/markdown-it": {
      "version": "12.2.3",
      "license": "MIT",
      "optional": true,
      "dependencies": {
        "@types/linkify-it": "*",
        "@types/mdurl": "*"
      }
    },
    "node_modules/@types/mdurl": {
      "version": "2.0.0",
      "license": "MIT",
      "optional": true
    },
    "node_modules/@types/node": {
      "version": "25.2.3",
      "devOptional": true,
      "license": "MIT",
      "dependencies": {
        "undici-types": "~7.16.0"
      }
    },
    "node_modules/@types/path-browserify": {
      "version": "1.0.3",
      "dev": true,
      "license": "MIT"
    },
    "node_modules/@vitest/expect": {
      "version": "4.0.18",
      "dev": true,
      "license": "MIT",
      "dependencies": {
        "@standard-schema/spec": "^1.0.0",
        "@types/chai": "^5.2.2",
        "@vitest/spy": "4.0.18",
        "@vitest/utils": "4.0.18",
        "chai": "^6.2.1",
        "tinyrainbow": "^3.0.3"
      },
      "funding": {
        "url": "https://opencollective.com/vitest"
      }
    },
    "node_modules/@vitest/mocker": {
      "version": "4.0.18",
      "dev": true,
      "license": "MIT",
      "dependencies": {
        "@vitest/spy": "4.0.18",
        "estree-walker": "^3.0.3",
        "magic-string": "^0.30.21"
      },
      "funding": {
        "url": "https://opencollective.com/vitest"
      },
      "peerDependencies": {
        "msw": "^2.4.9",
        "vite": "^6.0.0 || ^7.0.0-0"
      },
      "peerDependenciesMeta": {
        "msw": {
          "optional": true
        },
        "vite": {
          "optional": true
        }
      }
    },
    "node_modules/@vitest/pretty-format": {
      "version": "4.0.18",
      "dev": true,
      "license": "MIT",
      "dependencies": {
        "tinyrainbow": "^3.0.3"
      },
      "funding": {
        "url": "https://opencollective.com/vitest"
      }
    },
    "node_modules/@vitest/runner": {
      "version": "4.0.18",
      "dev": true,
      "license": "MIT",
      "dependencies": {
        "@vitest/utils": "4.0.18",
        "pathe": "^2.0.3"
      },
      "funding": {
        "url": "https://opencollective.com/vitest"
      }
    },
    "node_modules/@vitest/snapshot": {
      "version": "4.0.18",
      "dev": true,
      "license": "MIT",
      "dependencies": {
        "@vitest/pretty-format": "4.0.18",
        "magic-string": "^0.30.21",
        "pathe": "^2.0.3"
      },
      "funding": {
        "url": "https://opencollective.com/vitest"
      }
    },
    "node_modules/@vitest/spy": {
      "version": "4.0.18",
      "dev": true,
      "license": "MIT",
      "funding": {
        "url": "https://opencollective.com/vitest"
      }
    },
    "node_modules/@vitest/utils": {
      "version": "4.0.18",
      "dev": true,
      "license": "MIT",
      "dependencies": {
        "@vitest/pretty-format": "4.0.18",
        "tinyrainbow": "^3.0.3"
      },
      "funding": {
        "url": "https://opencollective.com/vitest"
      }
    },
    "node_modules/acorn": {
      "version": "8.15.0",
      "license": "MIT",
      "bin": {
        "acorn": "bin/acorn"
      },
      "engines": {
        "node": ">=0.4.0"
      }
    },
    "node_modules/aria-query": {
      "version": "5.3.2",
      "license": "Apache-2.0",
      "engines": {
        "node": ">= 0.4"
      }
    },
    "node_modules/assertion-error": {
      "version": "2.0.1",
      "dev": true,
      "license": "MIT",
      "engines": {
        "node": ">=12"
      }
    },
    "node_modules/axobject-query": {
      "version": "4.1.0",
      "license": "Apache-2.0",
      "engines": {
        "node": ">= 0.4"
      }
    },
    "node_modules/chai": {
      "version": "6.2.2",
      "dev": true,
      "license": "MIT",
      "engines": {
        "node": ">=18"
      }
    },
    "node_modules/chokidar": {
      "version": "4.0.3",
      "dev": true,
      "license": "MIT",
      "dependencies": {
        "readdirp": "^4.0.1"
      },
      "engines": {
        "node": ">= 14.16.0"
      },
      "funding": {
        "url": "https://paulmillr.com/funding/"
      }
    },
    "node_modules/clsx": {
      "version": "2.1.1",
      "license": "MIT",
      "engines": {
        "node": ">=6"
      }
    },
    "node_modules/cookie": {
      "version": "0.6.0",
      "dev": true,
      "license": "MIT",
      "engines": {
        "node": ">= 0.6"
      }
    },
    "node_modules/create-refrakt": {
      "resolved": "packages/create-refrakt",
      "link": true
    },
    "node_modules/deepmerge": {
      "version": "4.3.1",
      "dev": true,
      "license": "MIT",
      "engines": {
        "node": ">=0.10.0"
      }
    },
    "node_modules/detect-libc": {
      "version": "2.1.2",
      "license": "Apache-2.0",
      "optional": true,
      "peer": true,
      "engines": {
        "node": ">=8"
      }
    },
    "node_modules/devalue": {
      "version": "5.6.2",
      "license": "MIT"
    },
    "node_modules/es-module-lexer": {
      "version": "1.7.0",
      "dev": true,
      "license": "MIT"
    },
    "node_modules/esbuild": {
      "version": "0.27.3",
      "hasInstallScript": true,
      "license": "MIT",
      "bin": {
        "esbuild": "bin/esbuild"
      },
      "engines": {
        "node": ">=18"
      },
      "optionalDependencies": {
        "@esbuild/aix-ppc64": "0.27.3",
        "@esbuild/android-arm": "0.27.3",
        "@esbuild/android-arm64": "0.27.3",
        "@esbuild/android-x64": "0.27.3",
        "@esbuild/darwin-arm64": "0.27.3",
        "@esbuild/darwin-x64": "0.27.3",
        "@esbuild/freebsd-arm64": "0.27.3",
        "@esbuild/freebsd-x64": "0.27.3",
        "@esbuild/linux-arm": "0.27.3",
        "@esbuild/linux-arm64": "0.27.3",
        "@esbuild/linux-ia32": "0.27.3",
        "@esbuild/linux-loong64": "0.27.3",
        "@esbuild/linux-mips64el": "0.27.3",
        "@esbuild/linux-ppc64": "0.27.3",
        "@esbuild/linux-riscv64": "0.27.3",
        "@esbuild/linux-s390x": "0.27.3",
        "@esbuild/linux-x64": "0.27.3",
        "@esbuild/netbsd-arm64": "0.27.3",
        "@esbuild/netbsd-x64": "0.27.3",
        "@esbuild/openbsd-arm64": "0.27.3",
        "@esbuild/openbsd-x64": "0.27.3",
        "@esbuild/openharmony-arm64": "0.27.3",
        "@esbuild/sunos-x64": "0.27.3",
        "@esbuild/win32-arm64": "0.27.3",
        "@esbuild/win32-ia32": "0.27.3",
        "@esbuild/win32-x64": "0.27.3"
      }
    },
    "node_modules/esm-env": {
      "version": "1.2.2",
      "license": "MIT"
    },
    "node_modules/esrap": {
      "version": "2.2.3",
      "license": "MIT",
      "dependencies": {
        "@jridgewell/sourcemap-codec": "^1.4.15"
      }
    },
    "node_modules/estree-walker": {
      "version": "3.0.3",
      "dev": true,
      "license": "MIT",
      "dependencies": {
        "@types/estree": "^1.0.0"
      }
    },
    "node_modules/expect-type": {
      "version": "1.3.0",
      "dev": true,
      "license": "Apache-2.0",
      "engines": {
        "node": ">=12.0.0"
      }
    },
    "node_modules/fast-xml-parser": {
      "version": "4.5.1",
      "funding": [
        {
          "type": "github",
          "url": "https://github.com/sponsors/NaturalIntelligence"
        },
        {
          "type": "paypal",
          "url": "https://paypal.me/naturalintelligence"
        }
      ],
      "license": "MIT",
      "dependencies": {
        "strnum": "^1.0.5"
      },
      "bin": {
        "fxparser": "src/cli/cli.js"
      }
    },
    "node_modules/fdir": {
      "version": "6.5.0",
      "license": "MIT",
      "engines": {
        "node": ">=12.0.0"
      },
      "peerDependencies": {
        "picomatch": "^3 || ^4"
      },
      "peerDependenciesMeta": {
        "picomatch": {
          "optional": true
        }
      }
    },
    "node_modules/fsevents": {
      "version": "2.3.3",
      "license": "MIT",
      "optional": true,
      "os": [
        "darwin"
      ],
      "engines": {
        "node": "^8.16.0 || ^10.6.0 || >=11.0.0"
      }
    },
    "node_modules/highlight.js": {
      "version": "11.11.1",
      "license": "BSD-3-Clause",
      "engines": {
        "node": ">=12.0.0"
      }
    },
    "node_modules/is-reference": {
      "version": "3.0.3",
      "license": "MIT",
      "dependencies": {
        "@types/estree": "^1.0.6"
      }
    },
    "node_modules/iso8601-duration": {
      "version": "2.1.2",
      "license": "MIT"
    },
    "node_modules/jiti": {
      "version": "2.6.1",
      "license": "MIT",
      "optional": true,
      "peer": true,
      "bin": {
        "jiti": "lib/jiti-cli.mjs"
      }
    },
    "node_modules/kleur": {
      "version": "4.1.5",
      "dev": true,
      "license": "MIT",
      "engines": {
        "node": ">=6"
      }
    },
    "node_modules/lightningcss": {
      "version": "1.30.2",
      "license": "MPL-2.0",
      "optional": true,
      "peer": true,
      "dependencies": {
        "detect-libc": "^2.0.3"
      },
      "engines": {
        "node": ">= 12.0.0"
      },
      "funding": {
        "type": "opencollective",
        "url": "https://opencollective.com/parcel"
      },
      "optionalDependencies": {
        "lightningcss-android-arm64": "1.30.2",
        "lightningcss-darwin-arm64": "1.30.2",
        "lightningcss-darwin-x64": "1.30.2",
        "lightningcss-freebsd-x64": "1.30.2",
        "lightningcss-linux-arm-gnueabihf": "1.30.2",
        "lightningcss-linux-arm64-gnu": "1.30.2",
        "lightningcss-linux-arm64-musl": "1.30.2",
        "lightningcss-linux-x64-gnu": "1.30.2",
        "lightningcss-linux-x64-musl": "1.30.2",
        "lightningcss-win32-arm64-msvc": "1.30.2",
        "lightningcss-win32-x64-msvc": "1.30.2"
      }
    },
    "node_modules/lightningcss-darwin-arm64": {
      "version": "1.30.2",
      "cpu": [
        "arm64"
      ],
      "license": "MPL-2.0",
      "optional": true,
      "os": [
        "darwin"
      ],
      "peer": true,
      "engines": {
        "node": ">= 12.0.0"
      },
      "funding": {
        "type": "opencollective",
        "url": "https://opencollective.com/parcel"
      }
    },
    "node_modules/locate-character": {
      "version": "3.0.0",
      "license": "MIT"
    },
    "node_modules/magic-string": {
      "version": "0.30.21",
      "license": "MIT",
      "dependencies": {
        "@jridgewell/sourcemap-codec": "^1.5.5"
      }
    },
    "node_modules/mri": {
      "version": "1.2.0",
      "dev": true,
      "license": "MIT",
      "engines": {
        "node": ">=4"
      }
    },
    "node_modules/mrmime": {
      "version": "2.0.1",
      "dev": true,
      "license": "MIT",
      "engines": {
        "node": ">=10"
      }
    },
    "node_modules/nanoid": {
      "version": "3.3.11",
      "funding": [
        {
          "type": "github",
          "url": "https://github.com/sponsors/ai"
        }
      ],
      "license": "MIT",
      "bin": {
        "nanoid": "bin/nanoid.cjs"
      },
      "engines": {
        "node": "^10 || ^12 || ^13.7 || ^14 || >=15.0.1"
      }
    },
    "node_modules/obug": {
      "version": "2.1.1",
      "dev": true,
      "funding": [
        "https://github.com/sponsors/sxzz",
        "https://opencollective.com/debug"
      ],
      "license": "MIT"
    },
    "node_modules/path-browserify": {
      "version": "1.0.1",
      "license": "MIT"
    },
    "node_modules/pathe": {
      "version": "2.0.3",
      "dev": true,
      "license": "MIT"
    },
    "node_modules/picocolors": {
      "version": "1.1.1",
      "license": "ISC"
    },
    "node_modules/picomatch": {
      "version": "4.0.3",
      "license": "MIT",
      "engines": {
        "node": ">=12"
      },
      "funding": {
        "url": "https://github.com/sponsors/jonschlinkert"
      }
    },
    "node_modules/postcss": {
      "version": "8.5.6",
      "funding": [
        {
          "type": "opencollective",
          "url": "https://opencollective.com/postcss/"
        },
        {
          "type": "tidelift",
          "url": "https://tidelift.com/funding/github/npm/postcss"
        },
        {
          "type": "github",
          "url": "https://github.com/sponsors/ai"
        }
      ],
      "license": "MIT",
      "dependencies": {
        "nanoid": "^3.3.11",
        "picocolors": "^1.1.1",
        "source-map-js": "^1.2.1"
      },
      "engines": {
        "node": "^10 || ^12 || >=14"
      }
    },
    "node_modules/readdirp": {
      "version": "4.1.2",
      "dev": true,
      "license": "MIT",
      "engines": {
        "node": ">= 14.18.0"
      },
      "funding": {
        "type": "individual",
        "url": "https://paulmillr.com/funding/"
      }
    },
    "node_modules/reflect-metadata": {
      "version": "0.2.2",
      "license": "Apache-2.0"
    },
    "node_modules/rollup": {
      "version": "4.57.1",
      "license": "MIT",
      "dependencies": {
        "@types/estree": "1.0.8"
      },
      "bin": {
        "rollup": "dist/bin/rollup"
      },
      "engines": {
        "node": ">=18.0.0",
        "npm": ">=8.0.0"
      },
      "optionalDependencies": {
        "@rollup/rollup-android-arm-eabi": "4.57.1",
        "@rollup/rollup-android-arm64": "4.57.1",
        "@rollup/rollup-darwin-arm64": "4.57.1",
        "@rollup/rollup-darwin-x64": "4.57.1",
        "@rollup/rollup-freebsd-arm64": "4.57.1",
        "@rollup/rollup-freebsd-x64": "4.57.1",
        "@rollup/rollup-linux-arm-gnueabihf": "4.57.1",
        "@rollup/rollup-linux-arm-musleabihf": "4.57.1",
        "@rollup/rollup-linux-arm64-gnu": "4.57.1",
        "@rollup/rollup-linux-arm64-musl": "4.57.1",
        "@rollup/rollup-linux-loong64-gnu": "4.57.1",
        "@rollup/rollup-linux-loong64-musl": "4.57.1",
        "@rollup/rollup-linux-ppc64-gnu": "4.57.1",
        "@rollup/rollup-linux-ppc64-musl": "4.57.1",
        "@rollup/rollup-linux-riscv64-gnu": "4.57.1",
        "@rollup/rollup-linux-riscv64-musl": "4.57.1",
        "@rollup/rollup-linux-s390x-gnu": "4.57.1",
        "@rollup/rollup-linux-x64-gnu": "4.57.1",
        "@rollup/rollup-linux-x64-musl": "4.57.1",
        "@rollup/rollup-openbsd-x64": "4.57.1",
        "@rollup/rollup-openharmony-arm64": "4.57.1",
        "@rollup/rollup-win32-arm64-msvc": "4.57.1",
        "@rollup/rollup-win32-ia32-msvc": "4.57.1",
        "@rollup/rollup-win32-x64-gnu": "4.57.1",
        "@rollup/rollup-win32-x64-msvc": "4.57.1",
        "fsevents": "~2.3.2"
      }
    },
    "node_modules/sade": {
      "version": "1.8.1",
      "dev": true,
      "license": "MIT",
      "dependencies": {
        "mri": "^1.1.0"
      },
      "engines": {
        "node": ">=6"
      }
    },
    "node_modules/set-cookie-parser": {
      "version": "3.0.1",
      "dev": true,
      "license": "MIT"
    },
    "node_modules/siginfo": {
      "version": "2.0.0",
      "dev": true,
      "license": "ISC"
    },
    "node_modules/sirv": {
      "version": "3.0.2",
      "dev": true,
      "license": "MIT",
      "dependencies": {
        "@polka/url": "^1.0.0-next.24",
        "mrmime": "^2.0.0",
        "totalist": "^3.0.0"
      },
      "engines": {
        "node": ">=18"
      }
    },
    "node_modules/site": {
      "resolved": "site",
      "link": true
    },
    "node_modules/source-map-js": {
      "version": "1.2.1",
      "license": "BSD-3-Clause",
      "engines": {
        "node": ">=0.10.0"
      }
    },
    "node_modules/stackback": {
      "version": "0.0.2",
      "dev": true,
      "license": "MIT"
    },
    "node_modules/std-env": {
      "version": "3.10.0",
      "dev": true,
      "license": "MIT"
    },
    "node_modules/strnum": {
      "version": "1.1.2",
      "funding": [
        {
          "type": "github",
          "url": "https://github.com/sponsors/NaturalIntelligence"
        }
      ],
      "license": "MIT"
    },
    "node_modules/svelte": {
      "version": "5.50.1",
      "license": "MIT",
      "dependencies": {
        "@jridgewell/remapping": "^2.3.4",
        "@jridgewell/sourcemap-codec": "^1.5.0",
        "@sveltejs/acorn-typescript": "^1.0.5",
        "@types/estree": "^1.0.5",
        "acorn": "^8.12.1",
        "aria-query": "^5.3.1",
        "axobject-query": "^4.1.0",
        "clsx": "^2.1.1",
        "devalue": "^5.6.2",
        "esm-env": "^1.2.1",
        "esrap": "^2.2.2",
        "is-reference": "^3.0.3",
        "locate-character": "^3.0.0",
        "magic-string": "^0.30.11",
        "zimmerframe": "^1.1.2"
      },
      "engines": {
        "node": ">=18"
      }
    },
    "node_modules/svelte-check": {
      "version": "4.3.6",
      "dev": true,
      "license": "MIT",
      "dependencies": {
        "@jridgewell/trace-mapping": "^0.3.25",
        "chokidar": "^4.0.1",
        "fdir": "^6.2.0",
        "picocolors": "^1.0.0",
        "sade": "^1.7.4"
      },
      "bin": {
        "svelte-check": "bin/svelte-check"
      },
      "engines": {
        "node": ">= 18.0.0"
      },
      "peerDependencies": {
        "svelte": "^4.0.0 || ^5.0.0-next.0",
        "typescript": ">=5.0.0"
      }
    },
    "node_modules/tinybench": {
      "version": "2.9.0",
      "dev": true,
      "license": "MIT"
    },
    "node_modules/tinyexec": {
      "version": "1.0.2",
      "dev": true,
      "license": "MIT",
      "engines": {
        "node": ">=18"
      }
    },
    "node_modules/tinyglobby": {
      "version": "0.2.15",
      "license": "MIT",
      "dependencies": {
        "fdir": "^6.5.0",
        "picomatch": "^4.0.3"
      },
      "engines": {
        "node": ">=12.0.0"
      },
      "funding": {
        "url": "https://github.com/sponsors/SuperchupuDev"
      }
    },
    "node_modules/tinyrainbow": {
      "version": "3.0.3",
      "dev": true,
      "license": "MIT",
      "engines": {
        "node": ">=14.0.0"
      }
    },
    "node_modules/totalist": {
      "version": "3.0.1",
      "dev": true,
      "license": "MIT",
      "engines": {
        "node": ">=6"
      }
    },
    "node_modules/typescript": {
      "version": "5.9.3",
      "dev": true,
      "license": "Apache-2.0",
      "bin": {
        "tsc": "bin/tsc",
        "tsserver": "bin/tsserver"
      },
      "engines": {
        "node": ">=14.17"
      }
    },
    "node_modules/undici-types": {
      "version": "7.16.0",
      "devOptional": true,
      "license": "MIT"
    },
    "node_modules/vite": {
      "version": "7.3.1",
      "license": "MIT",
      "dependencies": {
        "esbuild": "^0.27.0",
        "fdir": "^6.5.0",
        "picomatch": "^4.0.3",
        "postcss": "^8.5.6",
        "rollup": "^4.43.0",
        "tinyglobby": "^0.2.15"
      },
      "bin": {
        "vite": "bin/vite.js"
      },
      "engines": {
        "node": "^20.19.0 || >=22.12.0"
      },
      "funding": {
        "url": "https://github.com/vitejs/vite?sponsor=1"
      },
      "optionalDependencies": {
        "fsevents": "~2.3.3"
      },
      "peerDependencies": {
        "@types/node": "^20.19.0 || >=22.12.0",
        "jiti": ">=1.21.0",
        "less": "^4.0.0",
        "lightningcss": "^1.21.0",
        "sass": "^1.70.0",
        "sass-embedded": "^1.70.0",
        "stylus": ">=0.54.8",
        "sugarss": "^5.0.0",
        "terser": "^5.16.0",
        "tsx": "^4.8.1",
        "yaml": "^2.4.2"
      },
      "peerDependenciesMeta": {
        "@types/node": {
          "optional": true
        },
        "jiti": {
          "optional": true
        },
        "less": {
          "optional": true
        },
        "lightningcss": {
          "optional": true
        },
        "sass": {
          "optional": true
        },
        "sass-embedded": {
          "optional": true
        },
        "stylus": {
          "optional": true
        },
        "sugarss": {
          "optional": true
        },
        "terser": {
          "optional": true
        },
        "tsx": {
          "optional": true
        },
        "yaml": {
          "optional": true
        }
      }
    },
    "node_modules/vitefu": {
      "version": "1.1.1",
      "dev": true,
      "license": "MIT",
      "workspaces": [
        "tests/deps/*",
        "tests/projects/*",
        "tests/projects/workspace/packages/*"
      ],
      "peerDependencies": {
        "vite": "^3.0.0 || ^4.0.0 || ^5.0.0 || ^6.0.0 || ^7.0.0-beta.0"
      },
      "peerDependenciesMeta": {
        "vite": {
          "optional": true
        }
      }
    },
    "node_modules/vitest": {
      "version": "4.0.18",
      "dev": true,
      "license": "MIT",
      "dependencies": {
        "@vitest/expect": "4.0.18",
        "@vitest/mocker": "4.0.18",
        "@vitest/pretty-format": "4.0.18",
        "@vitest/runner": "4.0.18",
        "@vitest/snapshot": "4.0.18",
        "@vitest/spy": "4.0.18",
        "@vitest/utils": "4.0.18",
        "es-module-lexer": "^1.7.0",
        "expect-type": "^1.2.2",
        "magic-string": "^0.30.21",
        "obug": "^2.1.1",
        "pathe": "^2.0.3",
        "picomatch": "^4.0.3",
        "std-env": "^3.10.0",
        "tinybench": "^2.9.0",
        "tinyexec": "^1.0.2",
        "tinyglobby": "^0.2.15",
        "tinyrainbow": "^3.0.3",
        "vite": "^6.0.0 || ^7.0.0",
        "why-is-node-running": "^2.3.0"
      },
      "bin": {
        "vitest": "vitest.mjs"
      },
      "engines": {
        "node": "^20.0.0 || ^22.0.0 || >=24.0.0"
      },
      "funding": {
        "url": "https://opencollective.com/vitest"
      },
      "peerDependencies": {
        "@edge-runtime/vm": "*",
        "@opentelemetry/api": "^1.9.0",
        "@types/node": "^20.0.0 || ^22.0.0 || >=24.0.0",
        "@vitest/browser-playwright": "4.0.18",
        "@vitest/browser-preview": "4.0.18",
        "@vitest/browser-webdriverio": "4.0.18",
        "@vitest/ui": "4.0.18",
        "happy-dom": "*",
        "jsdom": "*"
      },
      "peerDependenciesMeta": {
        "@edge-runtime/vm": {
          "optional": true
        },
        "@opentelemetry/api": {
          "optional": true
        },
        "@types/node": {
          "optional": true
        },
        "@vitest/browser-playwright": {
          "optional": true
        },
        "@vitest/browser-preview": {
          "optional": true
        },
        "@vitest/browser-webdriverio": {
          "optional": true
        },
        "@vitest/ui": {
          "optional": true
        },
        "happy-dom": {
          "optional": true
        },
        "jsdom": {
          "optional": true
        }
      }
    },
    "node_modules/why-is-node-running": {
      "version": "2.3.0",
      "dev": true,
      "license": "MIT",
      "dependencies": {
        "siginfo": "^2.0.0",
        "stackback": "0.0.2"
      },
      "bin": {
        "why-is-node-running": "cli.js"
      },
      "engines": {
        "node": ">=8"
      }
    },
    "node_modules/yaml": {
      "version": "2.8.2",
      "license": "ISC",
      "bin": {
        "yaml": "bin.mjs"
      },
      "engines": {
        "node": ">= 14.6"
      },
      "funding": {
        "url": "https://github.com/sponsors/eemeli"
      }
    },
    "node_modules/zimmerframe": {
      "version": "1.1.4",
      "license": "MIT"
    },
    "packages/ai": {
      "name": "@refrakt-md/ai",
      "version": "0.1.0",
      "license": "MIT",
      "devDependencies": {
        "@refrakt-md/runes": "0.1.0"
      }
    },
    "packages/cli": {
      "name": "@refrakt-md/cli",
      "version": "0.1.0",
      "license": "MIT",
      "dependencies": {
        "@refrakt-md/ai": "0.1.0",
        "@refrakt-md/runes": "0.1.0"
      },
      "bin": {
        "refrakt": "dist/bin.js"
      }
    },
    "packages/content": {
      "name": "@refrakt-md/content",
      "version": "0.1.0",
      "license": "MIT",
      "dependencies": {
        "@markdoc/markdoc": "0.4.0",
        "@refrakt-md/runes": "0.1.0",
        "@refrakt-md/types": "0.1.0",
        "yaml": "^2.4.0"
      }
    },
    "packages/create-refrakt": {
      "version": "0.1.0",
      "license": "MIT",
      "bin": {
        "create-refrakt": "dist/bin.js"
      }
    },
    "packages/runes": {
      "name": "@refrakt-md/runes",
      "version": "0.1.0",
      "license": "MIT",
      "dependencies": {
        "@markdoc/markdoc": "0.4.0",
        "@refrakt-md/types": "0.1.0",
        "fast-xml-parser": "4.5.1",
        "highlight.js": "^11.11.1",
        "iso8601-duration": "2.1.2",
        "path-browserify": "1.0.1",
        "reflect-metadata": "^0.2.0"
      },
      "devDependencies": {
        "@types/path-browserify": "1.0.3"
      }
    },
    "packages/svelte": {
      "name": "@refrakt-md/svelte",
      "version": "0.1.0",
      "license": "MIT",
      "dependencies": {
        "@markdoc/markdoc": "0.4.0",
        "@refrakt-md/types": "0.1.0"
      },
      "peerDependencies": {
        "svelte": "^5.0.0"
      }
    },
    "packages/sveltekit": {
      "name": "@refrakt-md/sveltekit",
      "version": "0.1.0",
      "license": "MIT",
      "dependencies": {
        "@refrakt-md/types": "0.1.0"
      },
      "peerDependencies": {
        "vite": ">=5.0.0"
      }
    },
    "packages/types": {
      "name": "@refrakt-md/types",
      "version": "0.1.0",
      "license": "MIT"
    },
    "site": {
      "version": "0.0.1",
      "license": "MIT",
      "dependencies": {
        "@markdoc/markdoc": "0.4.0",
        "@refrakt-md/content": "0.1.0",
        "@refrakt-md/runes": "0.1.0",
        "@refrakt-md/svelte": "0.1.0",
        "@refrakt-md/sveltekit": "0.1.0",
        "@refrakt-md/theme-lumina": "0.1.0"
      },
      "devDependencies": {
        "@sveltejs/adapter-static": "^3.0.0",
        "@sveltejs/kit": "^2.50.2",
        "@sveltejs/vite-plugin-svelte": "^6.2.4",
        "svelte": "^5.49.2",
        "svelte-check": "^4.3.6",
        "typescript": "^5.9.3",
        "vite": "^7.3.1"
      }
    },
    "site/node_modules/@sveltejs/adapter-static": {
      "version": "3.0.10",
      "dev": true,
      "license": "MIT",
      "peerDependencies": {
        "@sveltejs/kit": "^2.0.0"
      }
    },
    "site/node_modules/@sveltejs/kit": {
      "version": "2.50.2",
      "dev": true,
      "license": "MIT",
      "dependencies": {
        "@standard-schema/spec": "^1.0.0",
        "@sveltejs/acorn-typescript": "^1.0.5",
        "@types/cookie": "^0.6.0",
        "acorn": "^8.14.1",
        "cookie": "^0.6.0",
        "devalue": "^5.6.2",
        "esm-env": "^1.2.2",
        "kleur": "^4.1.5",
        "magic-string": "^0.30.5",
        "mrmime": "^2.0.0",
        "sade": "^1.8.1",
        "set-cookie-parser": "^3.0.0",
        "sirv": "^3.0.0"
      },
      "bin": {
        "svelte-kit": "svelte-kit.js"
      },
      "engines": {
        "node": ">=18.13"
      },
      "peerDependencies": {
        "@opentelemetry/api": "^1.0.0",
        "@sveltejs/vite-plugin-svelte": "^3.0.0 || ^4.0.0-next.1 || ^5.0.0 || ^6.0.0-next.0",
        "svelte": "^4.0.0 || ^5.0.0-next.0",
        "typescript": "^5.3.3",
        "vite": "^5.0.3 || ^6.0.0 || ^7.0.0-beta.0"
      },
      "peerDependenciesMeta": {
        "@opentelemetry/api": {
          "optional": true
        },
        "typescript": {
          "optional": true
        }
      }
    },
    "site/node_modules/@sveltejs/vite-plugin-svelte": {
      "version": "6.2.4",
      "dev": true,
      "license": "MIT",
      "dependencies": {
        "@sveltejs/vite-plugin-svelte-inspector": "^5.0.0",
        "deepmerge": "^4.3.1",
        "magic-string": "^0.30.21",
        "obug": "^2.1.0",
        "vitefu": "^1.1.1"
      },
      "engines": {
        "node": "^20.19 || ^22.12 || >=24"
      },
      "peerDependencies": {
        "svelte": "^5.0.0",
        "vite": "^6.3.0 || ^7.0.0"
      }
    },
    "site/node_modules/@sveltejs/vite-plugin-svelte-inspector": {
      "version": "5.0.2",
      "dev": true,
      "license": "MIT",
      "dependencies": {
        "obug": "^2.1.0"
      },
      "engines": {
        "node": "^20.19 || ^22.12 || >=24"
      },
      "peerDependencies": {
        "@sveltejs/vite-plugin-svelte": "^6.0.0-next.0",
        "svelte": "^5.0.0",
        "vite": "^6.3.0 || ^7.0.0"
      }
    },
    "themes/lumina": {
      "name": "@refrakt-md/theme-lumina",
      "version": "0.1.0",
      "license": "MIT",
      "dependencies": {
        "@refrakt-md/svelte": "0.1.0",
        "@refrakt-md/types": "0.1.0"
      },
      "peerDependencies": {
        "@sveltejs/kit": "^2.0.0",
        "svelte": "^5.0.0"
      },
      "peerDependenciesMeta": {
        "@sveltejs/kit": {
          "optional": true
        }
      }
    }
  }
}
